{
  "name": "dcl-project",
  "version": "1.0.0",
  "lockfileVersion": 1,
  "requires": true,
  "dependencies": {
    "commander": {
      "version": "2.20.3",
      "resolved": "https://registry.npmjs.org/commander/-/commander-2.20.3.tgz",
      "integrity": "sha512-GpVkmM8vF2vQUkj2LvZmD35JxeJOLCwJ9cUkugyk2nuhbv3+mJvpLYYt+0+USMxE+oj+ey/lJEnhZw75x/OMcQ==",
      "dev": true
    },
    "decentraland-builder-scripts": {
      "version": "0.19.0",
      "resolved": "https://registry.npmjs.org/decentraland-builder-scripts/-/decentraland-builder-scripts-0.19.0.tgz",
      "integrity": "sha512-XHB4EMxndYDZq6qUtf5xl9sIOY65KTM295sUl7X3VuATesrm3g0l1/l/jpUC1/fNwpbJvPlCY3jCPInMDe7I/A=="
    },
    "decentraland-ecs": {
      "version": "6.4.3-20191108174143.commit-e6a97b3",
      "resolved": "https://registry.npmjs.org/decentraland-ecs/-/decentraland-ecs-6.4.3-20191108174143.commit-e6a97b3.tgz",
      "integrity": "sha512-Jus9WkVTDWX8Ty/4QVM9TW5o62Kvb5apqVh4JGKQac/80SZuaEwgHA9ks5JWT91opKppU77pVW9N5vQ1Cl1m5g==",
      "dev": true,
      "requires": {
        "typescript": "^3.4.5",
        "uglify-js": "^3.5.2"
      }
    },
    "source-map": {
      "version": "0.6.1",
      "resolved": "https://registry.npmjs.org/source-map/-/source-map-0.6.1.tgz",
      "integrity": "sha512-UjgapumWlbMhkBgzT7Ykc5YXUT46F0iKu8SGXq0bcwP5dz/h0Plj6enJqjz1Zbq2l5WaqYnrVbwWOWMyF3F47g==",
      "dev": true
    },
    "typescript": {
      "version": "3.7.2",
      "resolved": "https://registry.npmjs.org/typescript/-/typescript-3.7.2.tgz",
      "integrity": "sha512-ml7V7JfiN2Xwvcer+XAf2csGO1bPBdRbFCkYBczNZggrBZ9c7G3riSUeJmqEU5uOtXNPMhE3n+R4FA/3YOAWOQ==",
      "dev": true
    },
    "uglify-js": {
      "version": "3.6.8",
      "resolved": "https://registry.npmjs.org/uglify-js/-/uglify-js-3.6.8.tgz",
      "integrity": "sha512-XhHJ3S3ZyMwP8kY1Gkugqx3CJh2C3O0y8NPiSxtm1tyD/pktLAkFZsFGpuNfTZddKDQ/bbDBLAd2YyA1pbi8HQ==",
      "dev": true,
      "requires": {
        "commander": "~2.20.3",
        "source-map": "~0.6.1"
      }
    }
  }
}
