{
  "name": "dcl-project",
  "version": "1.0.0",
  "lockfileVersion": 1,
  "requires": true,
  "dependencies": {
    "commander": {
      "version": "2.20.3",
      "resolved": "https://registry.npmjs.org/commander/-/commander-2.20.3.tgz",
      "integrity": "sha512-GpVkmM8vF2vQUkj2LvZmD35JxeJOLCwJ9cUkugyk2nuhbv3+mJvpLYYt+0+USMxE+oj+ey/lJEnhZw75x/OMcQ==",
      "dev": true
    },
    "decentraland-builder-scripts": {
      "version": "0.24.0",
      "resolved": "https://registry.npmjs.org/decentraland-builder-scripts/-/decentraland-builder-scripts-0.24.0.tgz",
      "integrity": "sha512-gqCwQCLX1oez3rACmeqmVUyYmcwZmpk2VozfBF4LRMawgX1YoInraKbuOTs+2DbrDG8zmbDGDCj6wAeLsg7irA==",
      "dev": true,
      "requires": {
        "decentraland-ecs": "^6.1.4"
      },
      "dependencies": {
        "decentraland-ecs": {
          "version": "6.4.3",
          "resolved": "https://registry.npmjs.org/decentraland-ecs/-/decentraland-ecs-6.4.3.tgz",
          "integrity": "sha512-fiDSY8AEJ5/pte5nXpKBGqnTpubIn+xEpK2XYP7gtGSB1M3XguMFihe9Y3tsiexDQsfY7QS+rmhnaX2V/1JJIA==",
          "dev": true,
          "requires": {
            "typescript": "^3.4.5",
            "uglify-js": "^3.5.2"
          }
        }
      }
    },
    "decentraland-ecs": {
      "version": "6.4.4-20191126204145.commit-a7c2403",
      "resolved": "https://registry.npmjs.org/decentraland-ecs/-/decentraland-ecs-6.4.4-20191126204145.commit-a7c2403.tgz",
      "integrity": "sha512-o0l+viZHEsUyrPQ0Pz8xGWcy+571OoWmQ9zIhHq4bacXkXMrSpdfySbjb3SECgDbUj3jO/HdAh4iwWcKq/1JWg==",
      "dev": true,
      "requires": {
        "typescript": "^3.4.5",
        "uglify-js": "^3.5.2"
      }
    },
    "source-map": {
      "version": "0.6.1",
      "resolved": "https://registry.npmjs.org/source-map/-/source-map-0.6.1.tgz",
      "integrity": "sha512-UjgapumWlbMhkBgzT7Ykc5YXUT46F0iKu8SGXq0bcwP5dz/h0Plj6enJqjz1Zbq2l5WaqYnrVbwWOWMyF3F47g==",
      "dev": true
    },
    "typescript": {
      "version": "3.7.2",
      "resolved": "https://registry.npmjs.org/typescript/-/typescript-3.7.2.tgz",
      "integrity": "sha512-ml7V7JfiN2Xwvcer+XAf2csGO1bPBdRbFCkYBczNZggrBZ9c7G3riSUeJmqEU5uOtXNPMhE3n+R4FA/3YOAWOQ==",
      "dev": true
    },
    "uglify-js": {
      "version": "3.7.0",
      "resolved": "https://registry.npmjs.org/uglify-js/-/uglify-js-3.7.0.tgz",
      "integrity": "sha512-PC/ee458NEMITe1OufAjal65i6lB58R1HWMRcxwvdz1UopW0DYqlRL3xdu3IcTvTXsB02CRHykidkTRL+A3hQA==",
      "dev": true,
      "requires": {
        "commander": "~2.20.3",
        "source-map": "~0.6.1"
      }
    }
  }
}
