{
  "name": "dcl-project",
  "version": "1.0.0",
  "lockfileVersion": 1,
  "requires": true,
  "dependencies": {
    "@dcl/unity-renderer": {
      "version": "1.0.4296",
      "resolved": "https://registry.npmjs.org/@dcl/unity-renderer/-/unity-renderer-1.0.4296.tgz",
      "integrity": "sha512-/A7Udun3l6moVXyZzVOfPVKlcu+VJNAKWtIiNvxHISluVCgWalTXYje+9OH2vIxk81OYmXvRpkPOiKZ/pW5ZaQ==",
      "dev": true
    },
    "decentraland-builder-scripts": {
      "version": "0.24.0",
      "resolved": "https://registry.npmjs.org/decentraland-builder-scripts/-/decentraland-builder-scripts-0.24.0.tgz",
      "integrity": "sha512-gqCwQCLX1oez3rACmeqmVUyYmcwZmpk2VozfBF4LRMawgX1YoInraKbuOTs+2DbrDG8zmbDGDCj6wAeLsg7irA==",
      "dev": true,
      "requires": {
        "decentraland-ecs": "^6.1.4"
      },
      "dependencies": {
        "decentraland-ecs": {
          "version": "6.4.9",
          "resolved": "https://registry.npmjs.org/decentraland-ecs/-/decentraland-ecs-6.4.9.tgz",
          "integrity": "sha512-XU5mjLjAUp01nymHJeOssy/jT4O33lPjnYoWLos/xNsgYilUpropkqzNx4EYqNrPhthhlwE7i+/nakcyXitFzw==",
          "dev": true,
          "requires": {
            "typescript": "^3.8.3",
            "uglify-js": "^3.5.2"
          }
        },
        "typescript": {
          "version": "3.9.7",
          "resolved": "https://registry.npmjs.org/typescript/-/typescript-3.9.7.tgz",
          "integrity": "sha512-BLbiRkiBzAwsjut4x/dsibSTB6yWpwT5qWmC2OfuCg3GgVQCSgMs4vEctYPhsaGtd0AeuuHMkjZ2h2WG8MSzRw==",
          "dev": true
        },
        "uglify-js": {
          "version": "3.12.1",
          "resolved": "https://registry.npmjs.org/uglify-js/-/uglify-js-3.12.1.tgz",
          "integrity": "sha512-o8lHP20KjIiQe5b/67Rh68xEGRrc2SRsCuuoYclXXoC74AfSRGblU1HKzJWH3HxPZ+Ort85fWHpSX7KwBUC9CQ==",
          "dev": true
        }
      }
    },
    "decentraland-ecs": {
      "version": "6.6.5",
      "resolved": "https://registry.npmjs.org/decentraland-ecs/-/decentraland-ecs-6.6.5.tgz",
      "integrity": "sha512-1ZswzwA6OXZGWcujVDz0GaPQkwlUQrnkSN7TUq6QO3jdPq2hZIDaUZ9P9xLISJ/LtOJeO9SsHRAiNXED7fS/3w==",
      "dev": true,
      "requires": {
        "@dcl/unity-renderer": "*",
        "terser": "^5.2.1",
        "typescript": "^4.0.2"
      }
    },
    "terser": {
      "version": "5.5.1",
      "resolved": "https://registry.npmjs.org/terser/-/terser-5.5.1.tgz",
      "integrity": "sha512-6VGWZNVP2KTUcltUQJ25TtNjx/XgdDsBDKGt8nN0MpydU36LmbPPcMBd2kmtZNNGVVDLg44k7GKeHHj+4zPIBQ==",
      "dev": true,
      "requires": {
        "commander": "^2.20.0",
        "source-map": "~0.7.2",
        "source-map-support": "~0.5.19"
      },
      "dependencies": {
        "buffer-from": {
          "version": "1.1.1",
          "resolved": "https://registry.npmjs.org/buffer-from/-/buffer-from-1.1.1.tgz",
          "integrity": "sha512-MQcXEUbCKtEo7bhqEs6560Hyd4XaovZlO/k9V3hjVUF/zwW7KBVdSK4gIt/bzwS9MbR5qob+F5jusZsb0YQK2A==",
          "dev": true
        },
        "commander": {
          "version": "2.20.3",
          "resolved": "https://registry.npmjs.org/commander/-/commander-2.20.3.tgz",
          "integrity": "sha512-GpVkmM8vF2vQUkj2LvZmD35JxeJOLCwJ9cUkugyk2nuhbv3+mJvpLYYt+0+USMxE+oj+ey/lJEnhZw75x/OMcQ==",
          "dev": true
        },
        "source-map": {
          "version": "0.7.3",
          "resolved": "https://registry.npmjs.org/source-map/-/source-map-0.7.3.tgz",
          "integrity": "sha512-CkCj6giN3S+n9qrYiBTX5gystlENnRW5jZeNLHpe6aue+SrHcG5VYwujhW9s4dY31mEGsxBDrHR6oI69fTXsaQ==",
          "dev": true
        },
        "source-map-support": {
          "version": "0.5.19",
          "resolved": "https://registry.npmjs.org/source-map-support/-/source-map-support-0.5.19.tgz",
          "integrity": "sha512-Wonm7zOCIJzBGQdB+thsPar0kYuCIzYvxZwlBa87yi/Mdjv7Tip2cyVbLj5o0cFPN4EVkuTwb3GDDyUx2DGnGw==",
          "dev": true,
          "requires": {
            "buffer-from": "^1.0.0",
            "source-map": "^0.6.0"
          },
          "dependencies": {
            "source-map": {
              "version": "0.6.1",
              "resolved": "https://registry.npmjs.org/source-map/-/source-map-0.6.1.tgz",
              "integrity": "sha512-UjgapumWlbMhkBgzT7Ykc5YXUT46F0iKu8SGXq0bcwP5dz/h0Plj6enJqjz1Zbq2l5WaqYnrVbwWOWMyF3F47g==",
              "dev": true
            }
          }
        }
      }
    },
    "typescript": {
      "version": "4.1.3",
      "resolved": "https://registry.npmjs.org/typescript/-/typescript-4.1.3.tgz",
      "integrity": "sha512-B3ZIOf1IKeH2ixgHhj6la6xdwR9QrLC5d1VKeCSY4tvkqhF2eqd9O7txNlS0PO3GrBAFIdr3L1ndNwteUbZLYg==",
      "dev": true
    }
  }
}
