{
  "name": "dcl-project",
  "version": "1.0.0",
  "lockfileVersion": 1,
  "requires": true,
  "dependencies": {
    "commander": {
      "version": "2.20.3",
      "resolved": "https://registry.npmjs.org/commander/-/commander-2.20.3.tgz",
      "integrity": "sha512-GpVkmM8vF2vQUkj2LvZmD35JxeJOLCwJ9cUkugyk2nuhbv3+mJvpLYYt+0+USMxE+oj+ey/lJEnhZw75x/OMcQ=="
    },
    "decentraland-builder-scripts": {
      "version": "0.19.0",
      "resolved": "https://registry.npmjs.org/decentraland-builder-scripts/-/decentraland-builder-scripts-0.19.0.tgz",
      "integrity": "sha512-XHB4EMxndYDZq6qUtf5xl9sIOY65KTM295sUl7X3VuATesrm3g0l1/l/jpUC1/fNwpbJvPlCY3jCPInMDe7I/A==",
      "requires": {
        "decentraland-ecs": "^6.1.4"
      }
    },
    "decentraland-ecs": {
      "version": "6.4.4",
      "resolved": "https://registry.npmjs.org/decentraland-ecs/-/decentraland-ecs-6.4.4.tgz",
      "integrity": "sha512-Fhpb78ijvLwZ1sCnZciMQH80RUxBKiMCLqhLVBFe81UQEfuZuFFxCRca91b50dN1gDojEOM8chfdwcAlZScHPQ==",
      "requires": {
        "typescript": "^3.4.5",
        "uglify-js": "^3.5.2"
      }
    },
    "source-map": {
      "version": "0.6.1",
      "resolved": "https://registry.npmjs.org/source-map/-/source-map-0.6.1.tgz",
      "integrity": "sha512-UjgapumWlbMhkBgzT7Ykc5YXUT46F0iKu8SGXq0bcwP5dz/h0Plj6enJqjz1Zbq2l5WaqYnrVbwWOWMyF3F47g=="
    },
    "typescript": {
      "version": "3.7.5",
      "resolved": "https://registry.npmjs.org/typescript/-/typescript-3.7.5.tgz",
      "integrity": "sha512-/P5lkRXkWHNAbcJIiHPfRoKqyd7bsyCma1hZNUGfn20qm64T6ZBlrzprymeu918H+mB/0rIg2gGK/BXkhhYgBw=="
    },
    "uglify-js": {
      "version": "3.7.7",
      "resolved": "https://registry.npmjs.org/uglify-js/-/uglify-js-3.7.7.tgz",
      "integrity": "sha512-FeSU+hi7ULYy6mn8PKio/tXsdSXN35lm4KgV2asx00kzrLU9Pi3oAslcJT70Jdj7PHX29gGUPOT6+lXGBbemhA==",
      "requires": {
        "commander": "~2.20.3",
        "source-map": "~0.6.1"
      }
    }
  }
}
